
Microsoft Visual Studio Solution File, Format Version 12.00
# Visual Studio Version 16
VisualStudioVersion = 16.0.30717.126
MinimumVisualStudioVersion = 10.0.40219.1
Project("{FAE04EC0-301F-11D3-BF4B-00C04F79EFBC}") = "DeterminingDNAHealth", "DeterminingDNAHealth.csproj", "{20BE3E73-304F-49A4-B0B4-4C5FA308012B}"
EndProject
Global
	GlobalSection(SolutionConfigurationPlatforms) = preSolution
		Debug|Any CPU = Debug|Any CPU
		Release|Any CPU = Release|Any CPU
	EndGlobalSection
	GlobalSection(ProjectConfigurationPlatforms) = postSolution
		{20BE3E73-304F-49A4-B0B4-4C5FA308012B}.Debug|Any CPU.ActiveCfg = Debug|Any CPU
		{20BE3E73-304F-49A4-B0B4-4C5FA308012B}.Debug|Any CPU.Build.0 = Debug|Any CPU
		{20BE3E73-304F-49A4-B0B4-4C5FA308012B}.Release|Any CPU.ActiveCfg = Release|Any CPU
		{20BE3E73-304F-49A4-B0B4-4C5FA308012B}.Release|Any CPU.Build.0 = Release|Any CPU
	EndGlobalSection
	GlobalSection(SolutionProperties) = preSolution
		HideSolutionNode = FALSE
	EndGlobalSection
	GlobalSection(ExtensibilityGlobals) = postSolution
		SolutionGuid = {DB2693E7-EC57-4D00-9B27-5B4B89DE8C23}
	EndGlobalSection
EndGlobal
