
Microsoft Visual Studio Solution File, Format Version 12.00
# Visual Studio Version 16
VisualStudioVersion = 16.0.30717.126
MinimumVisualStudioVersion = 10.0.40219.1
Project("{8BC9CEB8-8B4A-11D0-8D11-00A0C91BC942}") = "MinimumTimeRequired", "MinimumTimeRequired.vcxproj", "{ACF70FD6-5ABF-4EE8-9E1F-08CC159C1C71}"
EndProject
Global
	GlobalSection(SolutionConfigurationPlatforms) = preSolution
		Debug|x64 = Debug|x64
		Debug|x86 = Debug|x86
		Release|x64 = Release|x64
		Release|x86 = Release|x86
	EndGlobalSection
	GlobalSection(ProjectConfigurationPlatforms) = postSolution
		{ACF70FD6-5ABF-4EE8-9E1F-08CC159C1C71}.Debug|x64.ActiveCfg = Debug|x64
		{ACF70FD6-5ABF-4EE8-9E1F-08CC159C1C71}.Debug|x64.Build.0 = Debug|x64
		{ACF70FD6-5ABF-4EE8-9E1F-08CC159C1C71}.Debug|x86.ActiveCfg = Debug|Win32
		{ACF70FD6-5ABF-4EE8-9E1F-08CC159C1C71}.Debug|x86.Build.0 = Debug|Win32
		{ACF70FD6-5ABF-4EE8-9E1F-08CC159C1C71}.Release|x64.ActiveCfg = Release|x64
		{ACF70FD6-5ABF-4EE8-9E1F-08CC159C1C71}.Release|x64.Build.0 = Release|x64
		{ACF70FD6-5ABF-4EE8-9E1F-08CC159C1C71}.Release|x86.ActiveCfg = Release|Win32
		{ACF70FD6-5ABF-4EE8-9E1F-08CC159C1C71}.Release|x86.Build.0 = Release|Win32
	EndGlobalSection
	GlobalSection(SolutionProperties) = preSolution
		HideSolutionNode = FALSE
	EndGlobalSection
	GlobalSection(ExtensibilityGlobals) = postSolution
		SolutionGuid = {898AF3DD-7AFF-4AB9-92BB-374E025EDC5A}
	EndGlobalSection
EndGlobal
