
Microsoft Visual Studio Solution File, Format Version 12.00
# Visual Studio Version 16
VisualStudioVersion = 16.0.31005.135
MinimumVisualStudioVersion = 10.0.40219.1
Project("{8BC9CEB8-8B4A-11D0-8D11-00A0C91BC942}") = "MaximumSubarraySum", "MaximumSubarraySum.vcxproj", "{586F3AF2-2EB3-4146-AD09-E2B38E9B14C0}"
EndProject
Global
	GlobalSection(SolutionConfigurationPlatforms) = preSolution
		Debug|x64 = Debug|x64
		Debug|x86 = Debug|x86
		Release|x64 = Release|x64
		Release|x86 = Release|x86
	EndGlobalSection
	GlobalSection(ProjectConfigurationPlatforms) = postSolution
		{586F3AF2-2EB3-4146-AD09-E2B38E9B14C0}.Debug|x64.ActiveCfg = Debug|x64
		{586F3AF2-2EB3-4146-AD09-E2B38E9B14C0}.Debug|x64.Build.0 = Debug|x64
		{586F3AF2-2EB3-4146-AD09-E2B38E9B14C0}.Debug|x86.ActiveCfg = Debug|Win32
		{586F3AF2-2EB3-4146-AD09-E2B38E9B14C0}.Debug|x86.Build.0 = Debug|Win32
		{586F3AF2-2EB3-4146-AD09-E2B38E9B14C0}.Release|x64.ActiveCfg = Release|x64
		{586F3AF2-2EB3-4146-AD09-E2B38E9B14C0}.Release|x64.Build.0 = Release|x64
		{586F3AF2-2EB3-4146-AD09-E2B38E9B14C0}.Release|x86.ActiveCfg = Release|Win32
		{586F3AF2-2EB3-4146-AD09-E2B38E9B14C0}.Release|x86.Build.0 = Release|Win32
	EndGlobalSection
	GlobalSection(SolutionProperties) = preSolution
		HideSolutionNode = FALSE
	EndGlobalSection
	GlobalSection(ExtensibilityGlobals) = postSolution
		SolutionGuid = {5831A2FA-3B20-4068-8B05-75262DDFBD5C}
	EndGlobalSection
EndGlobal
